
Microsoft Visual Studio Solution File, Format Version 12.00
# Visual Studio 15
VisualStudioVersion = 15.0.28307.421
MinimumVisualStudioVersion = 10.0.40219.1
Project("{8BC9CEB8-8B4A-11D0-8D11-00A0C91BC942}") = "344. Reverse String", "344. Reverse String\344. Reverse String.vcxproj", "{37C9D321-C0CA-43B6-AA27-2CA93A196A50}"
EndProject
Global
	GlobalSection(SolutionConfigurationPlatforms) = preSolution
		Debug|x64 = Debug|x64
		Debug|x86 = Debug|x86
		Release|x64 = Release|x64
		Release|x86 = Release|x86
	EndGlobalSection
	GlobalSection(ProjectConfigurationPlatforms) = postSolution
		{37C9D321-C0CA-43B6-AA27-2CA93A196A50}.Debug|x64.ActiveCfg = Debug|x64
		{37C9D321-C0CA-43B6-AA27-2CA93A196A50}.Debug|x64.Build.0 = Debug|x64
		{37C9D321-C0CA-43B6-AA27-2CA93A196A50}.Debug|x86.ActiveCfg = Debug|Win32
		{37C9D321-C0CA-43B6-AA27-2CA93A196A50}.Debug|x86.Build.0 = Debug|Win32
		{37C9D321-C0CA-43B6-AA27-2CA93A196A50}.Release|x64.ActiveCfg = Release|x64
		{37C9D321-C0CA-43B6-AA27-2CA93A196A50}.Release|x64.Build.0 = Release|x64
		{37C9D321-C0CA-43B6-AA27-2CA93A196A50}.Release|x86.ActiveCfg = Release|Win32
		{37C9D321-C0CA-43B6-AA27-2CA93A196A50}.Release|x86.Build.0 = Release|Win32
	EndGlobalSection
	GlobalSection(SolutionProperties) = preSolution
		HideSolutionNode = FALSE
	EndGlobalSection
	GlobalSection(ExtensibilityGlobals) = postSolution
		SolutionGuid = {0FC138CB-F082-4EC0-89F5-05634157C7EB}
	EndGlobalSection
EndGlobal
