
Microsoft Visual Studio Solution File, Format Version 12.00
# Visual Studio 15
VisualStudioVersion = 15.0.28307.421
MinimumVisualStudioVersion = 10.0.40219.1
Project("{8BC9CEB8-8B4A-11D0-8D11-00A0C91BC942}") = "458. Poor Pigs", "458. Poor Pigs\458. Poor Pigs.vcxproj", "{F1614AB4-00B6-46BC-B87D-3EE11F9DFA3D}"
EndProject
Global
	GlobalSection(SolutionConfigurationPlatforms) = preSolution
		Debug|x64 = Debug|x64
		Debug|x86 = Debug|x86
		Release|x64 = Release|x64
		Release|x86 = Release|x86
	EndGlobalSection
	GlobalSection(ProjectConfigurationPlatforms) = postSolution
		{F1614AB4-00B6-46BC-B87D-3EE11F9DFA3D}.Debug|x64.ActiveCfg = Debug|x64
		{F1614AB4-00B6-46BC-B87D-3EE11F9DFA3D}.Debug|x64.Build.0 = Debug|x64
		{F1614AB4-00B6-46BC-B87D-3EE11F9DFA3D}.Debug|x86.ActiveCfg = Debug|Win32
		{F1614AB4-00B6-46BC-B87D-3EE11F9DFA3D}.Debug|x86.Build.0 = Debug|Win32
		{F1614AB4-00B6-46BC-B87D-3EE11F9DFA3D}.Release|x64.ActiveCfg = Release|x64
		{F1614AB4-00B6-46BC-B87D-3EE11F9DFA3D}.Release|x64.Build.0 = Release|x64
		{F1614AB4-00B6-46BC-B87D-3EE11F9DFA3D}.Release|x86.ActiveCfg = Release|Win32
		{F1614AB4-00B6-46BC-B87D-3EE11F9DFA3D}.Release|x86.Build.0 = Release|Win32
	EndGlobalSection
	GlobalSection(SolutionProperties) = preSolution
		HideSolutionNode = FALSE
	EndGlobalSection
	GlobalSection(ExtensibilityGlobals) = postSolution
		SolutionGuid = {09AC2FC0-FFC4-4128-89F2-0F566FFADB57}
	EndGlobalSection
EndGlobal
